// !$*UTF8*$!
{
	archiveVersion = 1;
	classes = {
	};
	objectVersion = 50;
	objects = {

/* Begin PBXBuildFile section */
		803AF5CE2395B36200F1D773 /* AppDelegate.swift in Sources */ = {isa = PBXBuildFile; fileRef = 803AF5CD2395B36200F1D773 /* AppDelegate.swift */; };
		803AF5D02395B36200F1D773 /* SceneDelegate.swift in Sources */ = {isa = PBXBuildFile; fileRef = 803AF5CF2395B36200F1D773 /* SceneDelegate.swift */; };
		803AF5D22395B36200F1D773 /* ViewController.swift in Sources */ = {isa = PBXBuildFile; fileRef = 803AF5D12395B36200F1D773 /* ViewController.swift */; };
		803AF5D52395B36200F1D773 /* Main.storyboard in Resources */ = {isa = PBXBuildFile; fileRef = 803AF5D32395B36200F1D773 /* Main.storyboard */; };
		803AF5D72395B36300F1D773 /* Assets.xcassets in Resources */ = {isa = PBXBuildFile; fileRef = 803AF5D62395B36300F1D773 /* Assets.xcassets */; };
		803AF5DA2395B36300F1D773 /* LaunchScreen.storyboard in Resources */ = {isa = PBXBuildFile; fileRef = 803AF5D82395B36300F1D773 /* LaunchScreen.storyboard */; };
		803AF5E52395B36400F1D773 /* Introduction_to_Unit_Testing_LabTests.swift in Sources */ = {isa = PBXBuildFile; fileRef = 803AF5E42395B36400F1D773 /* Introduction_to_Unit_Testing_LabTests.swift */; };
		803AF5F02395B3D700F1D773 /* OfficialJoke.json in Resources */ = {isa = PBXBuildFile; fileRef = 803AF5EF2395B3D700F1D773 /* OfficialJoke.json */; };
		803AF5F62395B43900F1D773 /* StarWars.json in Resources */ = {isa = PBXBuildFile; fileRef = 803AF5F52395B43900F1D773 /* StarWars.json */; };
		803AF5F82395B46D00F1D773 /* Trivia.json in Resources */ = {isa = PBXBuildFile; fileRef = 803AF5F72395B46D00F1D773 /* Trivia.json */; };
/* End PBXBuildFile section */

/* Begin PBXContainerItemProxy section */
		803AF5E12395B36400F1D773 /* PBXContainerItemProxy */ = {
			isa = PBXContainerItemProxy;
			containerPortal = 803AF5C22395B36200F1D773 /* Project object */;
			proxyType = 1;
			remoteGlobalIDString = 803AF5C92395B36200F1D773;
			remoteInfo = "Introduction-to-Unit-Testing-Lab";
		};
/* End PBXContainerItemProxy section */

/* Begin PBXFileReference section */
		803AF5CA2395B36200F1D773 /* Introduction-to-Unit-Testing-Lab.app */ = {isa = PBXFileReference; explicitFileType = wrapper.application; includeInIndex = 0; path = "Introduction-to-Unit-Testing-Lab.app"; sourceTree = BUILT_PRODUCTS_DIR; };
		803AF5CD2395B36200F1D773 /* AppDelegate.swift */ = {isa = PBXFileReference; lastKnownFileType = sourcecode.swift; path = AppDelegate.swift; sourceTree = "<group>"; };
		803AF5CF2395B36200F1D773 /* SceneDelegate.swift */ = {isa = PBXFileReference; lastKnownFileType = sourcecode.swift; path = SceneDelegate.swift; sourceTree = "<group>"; };
		803AF5D12395B36200F1D773 /* ViewController.swift */ = {isa = PBXFileReference; lastKnownFileType = sourcecode.swift; path = ViewController.swift; sourceTree = "<group>"; };
		803AF5D42395B36200F1D773 /* Base */ = {isa = PBXFileReference; lastKnownFileType = file.storyboard; name = Base; path = Base.lproj/Main.storyboard; sourceTree = "<group>"; };
		803AF5D62395B36300F1D773 /* Assets.xcassets */ = {isa = PBXFileReference; lastKnownFileType = folder.assetcatalog; path = Assets.xcassets; sourceTree = "<group>"; };
		803AF5D92395B36300F1D773 /* Base */ = {isa = PBXFileReference; lastKnownFileType = file.storyboard; name = Base; path = Base.lproj/LaunchScreen.storyboard; sourceTree = "<group>"; };
		803AF5DB2395B36300F1D773 /* Info.plist */ = {isa = PBXFileReference; lastKnownFileType = text.plist.xml; path = Info.plist; sourceTree = "<group>"; };
		803AF5E02395B36400F1D773 /* Introduction-to-Unit-Testing-LabTests.xctest */ = {isa = PBXFileReference; explicitFileType = wrapper.cfbundle; includeInIndex = 0; path = "Introduction-to-Unit-Testing-LabTests.xctest"; sourceTree = BUILT_PRODUCTS_DIR; };
		803AF5E42395B36400F1D773 /* Introduction_to_Unit_Testing_LabTests.swift */ = {isa = PBXFileReference; lastKnownFileType = sourcecode.swift; path = Introduction_to_Unit_Testing_LabTests.swift; sourceTree = "<group>"; };
		803AF5E62395B36400F1D773 /* Info.plist */ = {isa = PBXFileReference; lastKnownFileType = text.plist.xml; path = Info.plist; sourceTree = "<group>"; };
		803AF5EF2395B3D700F1D773 /* OfficialJoke.json */ = {isa = PBXFileReference; lastKnownFileType = text.json; path = OfficialJoke.json; sourceTree = "<group>"; };
		803AF5F52395B43900F1D773 /* StarWars.json */ = {isa = PBXFileReference; lastKnownFileType = text.json; path = StarWars.json; sourceTree = "<group>"; };
		803AF5F72395B46D00F1D773 /* Trivia.json */ = {isa = PBXFileReference; lastKnownFileType = text.json; path = Trivia.json; sourceTree = "<group>"; };
/* End PBXFileReference section */

/* Begin PBXFrameworksBuildPhase section */
		803AF5C72395B36200F1D773 /* Frameworks */ = {
			isa = PBXFrameworksBuildPhase;
			buildActionMask = 2147483647;
			files = (
			);
			runOnlyForDeploymentPostprocessing = 0;
		};
		803AF5DD2395B36400F1D773 /* Frameworks */ = {
			isa = PBXFrameworksBuildPhase;
			buildActionMask = 2147483647;
			files = (
			);
			runOnlyForDeploymentPostprocessing = 0;
		};
/* End PBXFrameworksBuildPhase section */

/* Begin PBXGroup section */
		803AF5C12395B36200F1D773 = {
			isa = PBXGroup;
			children = (
				803AF5CC2395B36200F1D773 /* Introduction-to-Unit-Testing-Lab */,
				803AF5E32395B36400F1D773 /* Introduction-to-Unit-Testing-LabTests */,
				803AF5CB2395B36200F1D773 /* Products */,
			);
			sourceTree = "<group>";
		};
		803AF5CB2395B36200F1D773 /* Products */ = {
			isa = PBXGroup;
			children = (
				803AF5CA2395B36200F1D773 /* Introduction-to-Unit-Testing-Lab.app */,
				803AF5E02395B36400F1D773 /* Introduction-to-Unit-Testing-LabTests.xctest */,
			);
			name = Products;
			sourceTree = "<group>";
		};
		803AF5CC2395B36200F1D773 /* Introduction-to-Unit-Testing-Lab */ = {
			isa = PBXGroup;
			children = (
				803AF5EF2395B3D700F1D773 /* OfficialJoke.json */,
				803AF5F52395B43900F1D773 /* StarWars.json */,
				803AF5F72395B46D00F1D773 /* Trivia.json */,
				803AF5CD2395B36200F1D773 /* AppDelegate.swift */,
				803AF5CF2395B36200F1D773 /* SceneDelegate.swift */,
				803AF5D12395B36200F1D773 /* ViewController.swift */,
				803AF5D32395B36200F1D773 /* Main.storyboard */,
				803AF5D62395B36300F1D773 /* Assets.xcassets */,
				803AF5D82395B36300F1D773 /* LaunchScreen.storyboard */,
				803AF5DB2395B36300F1D773 /* Info.plist */,
			);
			path = "Introduction-to-Unit-Testing-Lab";
			sourceTree = "<group>";
		};
		803AF5E32395B36400F1D773 /* Introduction-to-Unit-Testing-LabTests */ = {
			isa = PBXGroup;
			children = (
				803AF5E42395B36400F1D773 /* Introduction_to_Unit_Testing_LabTests.swift */,
				803AF5E62395B36400F1D773 /* Info.plist */,
			);
			path = "Introduction-to-Unit-Testing-LabTests";
			sourceTree = "<group>";
		};
/* End PBXGroup section */

/* Begin PBXNativeTarget section */
		803AF5C92395B36200F1D773 /* Introduction-to-Unit-Testing-Lab */ = {
			isa = PBXNativeTarget;
			buildConfigurationList = 803AF5E92395B36400F1D773 /* Build configuration list for PBXNativeTarget "Introduction-to-Unit-Testing-Lab" */;
			buildPhases = (
				803AF5C62395B36200F1D773 /* Sources */,
				803AF5C72395B36200F1D773 /* Frameworks */,
				803AF5C82395B36200F1D773 /* Resources */,
			);
			buildRules = (
			);
			dependencies = (
			);
			name = "Introduction-to-Unit-Testing-Lab";
			productName = "Introduction-to-Unit-Testing-Lab";
			productReference = 803AF5CA2395B36200F1D773 /* Introduction-to-Unit-Testing-Lab.app */;
			productType = "com.apple.product-type.application";
		};
		803AF5DF2395B36400F1D773 /* Introduction-to-Unit-Testing-LabTests */ = {
			isa = PBXNativeTarget;
			buildConfigurationList = 803AF5EC2395B36400F1D773 /* Build configuration list for PBXNativeTarget "Introduction-to-Unit-Testing-LabTests" */;
			buildPhases = (
				803AF5DC2395B36400F1D773 /* Sources */,
				803AF5DD2395B36400F1D773 /* Frameworks */,
				803AF5DE2395B36400F1D773 /* Resources */,
			);
			buildRules = (
			);
			dependencies = (
				803AF5E22395B36400F1D773 /* PBXTargetDependency */,
			);
			name = "Introduction-to-Unit-Testing-LabTests";
			productName = "Introduction-to-Unit-Testing-LabTests";
			productReference = 803AF5E02395B36400F1D773 /* Introduction-to-Unit-Testing-LabTests.xctest */;
			productType = "com.apple.product-type.bundle.unit-test";
		};
/* End PBXNativeTarget section */

/* Begin PBXProject section */
		803AF5C22395B36200F1D773 /* Project object */ = {
			isa = PBXProject;
			attributes = {
				LastSwiftUpdateCheck = 1120;
				LastUpgradeCheck = 1120;
				ORGANIZATIONNAME = "Maitree Bain";
				TargetAttributes = {
					803AF5C92395B36200F1D773 = {
						CreatedOnToolsVersion = 11.2.1;
					};
					803AF5DF2395B36400F1D773 = {
						CreatedOnToolsVersion = 11.2.1;
						TestTargetID = 803AF5C92395B36200F1D773;
					};
				};
			};
			buildConfigurationList = 803AF5C52395B36200F1D773 /* Build configuration list for PBXProject "Introduction-to-Unit-Testing-Lab" */;
			compatibilityVersion = "Xcode 9.3";
			developmentRegion = en;
			hasScannedForEncodings = 0;
			knownRegions = (
				en,
				Base,
			);
			mainGroup = 803AF5C12395B36200F1D773;
			productRefGroup = 803AF5CB2395B36200F1D773 /* Products */;
			projectDirPath = "";
			projectRoot = "";
			targets = (
				803AF5C92395B36200F1D773 /* Introduction-to-Unit-Testing-Lab */,
				803AF5DF2395B36400F1D773 /* Introduction-to-Unit-Testing-LabTests */,
			);
		};
/* End PBXProject section */

/* Begin PBXResourcesBuildPhase section */
		803AF5C82395B36200F1D773 /* Resources */ = {
			isa = PBXResourcesBuildPhase;
			buildActionMask = 2147483647;
			files = (
				803AF5F62395B43900F1D773 /* StarWars.json in Resources */,
				803AF5DA2395B36300F1D773 /* LaunchScreen.storyboard in Resources */,
				803AF5D72395B36300F1D773 /* Assets.xcassets in Resources */,
				803AF5D52395B36200F1D773 /* Main.storyboard in Resources */,
				803AF5F82395B46D00F1D773 /* Trivia.json in Resources */,
			);
			runOnlyForDeploymentPostprocessing = 0;
		};
		803AF5DE2395B36400F1D773 /* Resources */ = {
			isa = PBXResourcesBuildPhase;
			buildActionMask = 2147483647;
			files = (
				803AF5F02395B3D700F1D773 /* OfficialJoke.json in Resources */,
			);
			runOnlyForDeploymentPostprocessing = 0;
		};
/* End PBXResourcesBuildPhase section */

/* Begin PBXSourcesBuildPhase section */
		803AF5C62395B36200F1D773 /* Sources */ = {
			isa = PBXSourcesBuildPhase;
			buildActionMask = 2147483647;
			files = (
				803AF5D22395B36200F1D773 /* ViewController.swift in Sources */,
				803AF5CE2395B36200F1D773 /* AppDelegate.swift in Sources */,
				803AF5D02395B36200F1D773 /* SceneDelegate.swift in Sources */,
			);
			runOnlyForDeploymentPostprocessing = 0;
		};
		803AF5DC2395B36400F1D773 /* Sources */ = {
			isa = PBXSourcesBuildPhase;
			buildActionMask = 2147483647;
			files = (
				803AF5E52395B36400F1D773 /* Introduction_to_Unit_Testing_LabTests.swift in Sources */,
			);
			runOnlyForDeploymentPostprocessing = 0;
		};
/* End PBXSourcesBuildPhase section */

/* Begin PBXTargetDependency section */
		803AF5E22395B36400F1D773 /* PBXTargetDependency */ = {
			isa = PBXTargetDependency;
			target = 803AF5C92395B36200F1D773 /* Introduction-to-Unit-Testing-Lab */;
			targetProxy = 803AF5E12395B36400F1D773 /* PBXContainerItemProxy */;
		};
/* End PBXTargetDependency section */

/* Begin PBXVariantGroup section */
		803AF5D32395B36200F1D773 /* Main.storyboard */ = {
			isa = PBXVariantGroup;
			children = (
				803AF5D42395B36200F1D773 /* Base */,
			);
			name = Main.storyboard;
			sourceTree = "<group>";
		};
		803AF5D82395B36300F1D773 /* LaunchScreen.storyboard */ = {
			isa = PBXVariantGroup;
			children = (
				803AF5D92395B36300F1D773 /* Base */,
			);
			name = LaunchScreen.storyboard;
			sourceTree = "<group>";
		};
/* End PBXVariantGroup section */

/* Begin XCBuildConfiguration section */
		803AF5E72395B36400F1D773 /* Debug */ = {
			isa = XCBuildConfiguration;
			buildSettings = {
				ALWAYS_SEARCH_USER_PATHS = NO;
				CLANG_ANALYZER_NONNULL = YES;
				CLANG_ANALYZER_NUMBER_OBJECT_CONVERSION = YES_AGGRESSIVE;
				CLANG_CXX_LANGUAGE_STANDARD = "gnu++14";
				CLANG_CXX_LIBRARY = "libc++";
				CLANG_ENABLE_MODULES = YES;
				CLANG_ENABLE_OBJC_ARC = YES;
				CLANG_ENABLE_OBJC_WEAK = YES;
				CLANG_WARN_BLOCK_CAPTURE_AUTORELEASING = YES;
				CLANG_WARN_BOOL_CONVERSION = YES;
				CLANG_WARN_COMMA = YES;
				CLANG_WARN_CONSTANT_CONVERSION = YES;
				CLANG_WARN_DEPRECATED_OBJC_IMPLEMENTATIONS = YES;
				CLANG_WARN_DIRECT_OBJC_ISA_USAGE = YES_ERROR;
				CLANG_WARN_DOCUMENTATION_COMMENTS = YES;
				CLANG_WARN_EMPTY_BODY = YES;
				CLANG_WARN_ENUM_CONVERSION = YES;
				CLANG_WARN_INFINITE_RECURSION = YES;
				CLANG_WARN_INT_CONVERSION = YES;
				CLANG_WARN_NON_LITERAL_NULL_CONVERSION = YES;
				CLANG_WARN_OBJC_IMPLICIT_RETAIN_SELF = YES;
				CLANG_WARN_OBJC_LITERAL_CONVERSION = YES;
				CLANG_WARN_OBJC_ROOT_CLASS = YES_ERROR;
				CLANG_WARN_RANGE_LOOP_ANALYSIS = YES;
				CLANG_WARN_STRICT_PROTOTYPES = YES;
				CLANG_WARN_SUSPICIOUS_MOVE = YES;
				CLANG_WARN_UNGUARDED_AVAILABILITY = YES_AGGRESSIVE;
				CLANG_WARN_UNREACHABLE_CODE = YES;
				CLANG_WARN__DUPLICATE_METHOD_MATCH = YES;
				COPY_PHASE_STRIP = NO;
				DEBUG_INFORMATION_FORMAT = dwarf;
				ENABLE_STRICT_OBJC_MSGSEND = YES;
				ENABLE_TESTABILITY = YES;
				GCC_C_LANGUAGE_STANDARD = gnu11;
				GCC_DYNAMIC_NO_PIC = NO;
				GCC_NO_COMMON_BLOCKS = YES;
				GCC_OPTIMIZATION_LEVEL = 0;
				GCC_PREPROCESSOR_DEFINITIONS = (
					"DEBUG=1",
					"$(inherited)",
				);
				GCC_WARN_64_TO_32_BIT_CONVERSION = YES;
				GCC_WARN_ABOUT_RETURN_TYPE = YES_ERROR;
				GCC_WARN_UNDECLARED_SELECTOR = YES;
				GCC_WARN_UNINITIALIZED_AUTOS = YES_AGGRESSIVE;
				GCC_WARN_UNUSED_FUNCTION = YES;
				GCC_WARN_UNUSED_VARIABLE = YES;
				IPHONEOS_DEPLOYMENT_TARGET = 13.2;
				MTL_ENABLE_DEBUG_INFO = INCLUDE_SOURCE;
				MTL_FAST_MATH = YES;
				ONLY_ACTIVE_ARCH = YES;
				SDKROOT = iphoneos;
				SWIFT_ACTIVE_COMPILATION_CONDITIONS = DEBUG;
				SWIFT_OPTIMIZATION_LEVEL = "-Onone";
			};
			name = Debug;
		};
		803AF5E82395B36400F1D773 /* Release */ = {
			isa = XCBuildConfiguration;
			buildSettings = {
				ALWAYS_SEARCH_USER_PATHS = NO;
				CLANG_ANALYZER_NONNULL = YES;
				CLANG_ANALYZER_NUMBER_OBJECT_CONVERSION = YES_AGGRESSIVE;
				CLANG_CXX_LANGUAGE_STANDARD = "gnu++14";
				CLANG_CXX_LIBRARY = "libc++";
				CLANG_ENABLE_MODULES = YES;
				CLANG_ENABLE_OBJC_ARC = YES;
				CLANG_ENABLE_OBJC_WEAK = YES;
				CLANG_WARN_BLOCK_CAPTURE_AUTORELEASING = YES;
				CLANG_WARN_BOOL_CONVERSION = YES;
				CLANG_WARN_COMMA = YES;
				CLANG_WARN_CONSTANT_CONVERSION = YES;
				CLANG_WARN_DEPRECATED_OBJC_IMPLEMENTATIONS = YES;
				CLANG_WARN_DIRECT_OBJC_ISA_USAGE = YES_ERROR;
				CLANG_WARN_DOCUMENTATION_COMMENTS = YES;
				CLANG_WARN_EMPTY_BODY = YES;
				CLANG_WARN_ENUM_CONVERSION = YES;
				CLANG_WARN_INFINITE_RECURSION = YES;
				CLANG_WARN_INT_CONVERSION = YES;
				CLANG_WARN_NON_LITERAL_NULL_CONVERSION = YES;
				CLANG_WARN_OBJC_IMPLICIT_RETAIN_SELF = YES;
				CLANG_WARN_OBJC_LITERAL_CONVERSION = YES;
				CLANG_WARN_OBJC_ROOT_CLASS = YES_ERROR;
				CLANG_WARN_RANGE_LOOP_ANALYSIS = YES;
				CLANG_WARN_STRICT_PROTOTYPES = YES;
				CLANG_WARN_SUSPICIOUS_MOVE = YES;
				CLANG_WARN_UNGUARDED_AVAILABILITY = YES_AGGRESSIVE;
				CLANG_WARN_UNREACHABLE_CODE = YES;
				CLANG_WARN__DUPLICATE_METHOD_MATCH = YES;
				COPY_PHASE_STRIP = NO;
				DEBUG_INFORMATION_FORMAT = "dwarf-with-dsym";
				ENABLE_NS_ASSERTIONS = NO;
				ENABLE_STRICT_OBJC_MSGSEND = YES;
				GCC_C_LANGUAGE_STANDARD = gnu11;
				GCC_NO_COMMON_BLOCKS = YES;
				GCC_WARN_64_TO_32_BIT_CONVERSION = YES;
				GCC_WARN_ABOUT_RETURN_TYPE = YES_ERROR;
				GCC_WARN_UNDECLARED_SELECTOR = YES;
				GCC_WARN_UNINITIALIZED_AUTOS = YES_AGGRESSIVE;
				GCC_WARN_UNUSED_FUNCTION = YES;
				GCC_WARN_UNUSED_VARIABLE = YES;
				IPHONEOS_DEPLOYMENT_TARGET = 13.2;
				MTL_ENABLE_DEBUG_INFO = NO;
				MTL_FAST_MATH = YES;
				SDKROOT = iphoneos;
				SWIFT_COMPILATION_MODE = wholemodule;
				SWIFT_OPTIMIZATION_LEVEL = "-O";
				VALIDATE_PRODUCT = YES;
			};
			name = Release;
		};
		803AF5EA2395B36400F1D773 /* Debug */ = {
			isa = XCBuildConfiguration;
			buildSettings = {
				ASSETCATALOG_COMPILER_APPICON_NAME = AppIcon;
				CODE_SIGN_STYLE = Automatic;
				DEVELOPMENT_TEAM = P547T297G7;
				INFOPLIST_FILE = "Introduction-to-Unit-Testing-Lab/Info.plist";
				LD_RUNPATH_SEARCH_PATHS = (
					"$(inherited)",
					"@executable_path/Frameworks",
				);
				PRODUCT_BUNDLE_IDENTIFIER = "com.MaitreeBain.Introduction-to-Unit-Testing-Lab";
				PRODUCT_NAME = "$(TARGET_NAME)";
				SWIFT_VERSION = 5.0;
				TARGETED_DEVICE_FAMILY = "1,2";
			};
			name = Debug;
		};
		803AF5EB2395B36400F1D773 /* Release */ = {
			isa = XCBuildConfiguration;
			buildSettings = {
				ASSETCATALOG_COMPILER_APPICON_NAME = AppIcon;
				CODE_SIGN_STYLE = Automatic;
				DEVELOPMENT_TEAM = P547T297G7;
				INFOPLIST_FILE = "Introduction-to-Unit-Testing-Lab/Info.plist";
				LD_RUNPATH_SEARCH_PATHS = (
					"$(inherited)",
					"@executable_path/Frameworks",
				);
				PRODUCT_BUNDLE_IDENTIFIER = "com.MaitreeBain.Introduction-to-Unit-Testing-Lab";
				PRODUCT_NAME = "$(TARGET_NAME)";
				SWIFT_VERSION = 5.0;
				TARGETED_DEVICE_FAMILY = "1,2";
			};
			name = Release;
		};
		803AF5ED2395B36400F1D773 /* Debug */ = {
			isa = XCBuildConfiguration;
			buildSettings = {
				ALWAYS_EMBED_SWIFT_STANDARD_LIBRARIES = YES;
				BUNDLE_LOADER = "$(TEST_HOST)";
				CODE_SIGN_STYLE = Automatic;
				DEVELOPMENT_TEAM = P547T297G7;
				INFOPLIST_FILE = "Introduction-to-Unit-Testing-LabTests/Info.plist";
				IPHONEOS_DEPLOYMENT_TARGET = 13.2;
				LD_RUNPATH_SEARCH_PATHS = (
					"$(inherited)",
					"@executable_path/Frameworks",
					"@loader_path/Frameworks",
				);
				PRODUCT_BUNDLE_IDENTIFIER = "com.MaitreeBain.Introduction-to-Unit-Testing-LabTests";
				PRODUCT_NAME = "$(TARGET_NAME)";
				SWIFT_VERSION = 5.0;
				TARGETED_DEVICE_FAMILY = "1,2";
				TEST_HOST = "$(BUILT_PRODUCTS_DIR)/Introduction-to-Unit-Testing-Lab.app/Introduction-to-Unit-Testing-Lab";
			};
			name = Debug;
		};
		803AF5EE2395B36400F1D773 /* Release */ = {
			isa = XCBuildConfiguration;
			buildSettings = {
				ALWAYS_EMBED_SWIFT_STANDARD_LIBRARIES = YES;
				BUNDLE_LOADER = "$(TEST_HOST)";
				CODE_SIGN_STYLE = Automatic;
				DEVELOPMENT_TEAM = P547T297G7;
				INFOPLIST_FILE = "Introduction-to-Unit-Testing-LabTests/Info.plist";
				IPHONEOS_DEPLOYMENT_TARGET = 13.2;
				LD_RUNPATH_SEARCH_PATHS = (
					"$(inherited)",
					"@executable_path/Frameworks",
					"@loader_path/Frameworks",
				);
				PRODUCT_BUNDLE_IDENTIFIER = "com.MaitreeBain.Introduction-to-Unit-Testing-LabTests";
				PRODUCT_NAME = "$(TARGET_NAME)";
				SWIFT_VERSION = 5.0;
				TARGETED_DEVICE_FAMILY = "1,2";
				TEST_HOST = "$(BUILT_PRODUCTS_DIR)/Introduction-to-Unit-Testing-Lab.app/Introduction-to-Unit-Testing-Lab";
			};
			name = Release;
		};
/* End XCBuildConfiguration section */

/* Begin XCConfigurationList section */
		803AF5C52395B36200F1D773 /* Build configuration list for PBXProject "Introduction-to-Unit-Testing-Lab" */ = {
			isa = XCConfigurationList;
			buildConfigurations = (
				803AF5E72395B36400F1D773 /* Debug */,
				803AF5E82395B36400F1D773 /* Release */,
			);
			defaultConfigurationIsVisible = 0;
			defaultConfigurationName = Release;
		};
		803AF5E92395B36400F1D773 /* Build configuration list for PBXNativeTarget "Introduction-to-Unit-Testing-Lab" */ = {
			isa = XCConfigurationList;
			buildConfigurations = (
				803AF5EA2395B36400F1D773 /* Debug */,
				803AF5EB2395B36400F1D773 /* Release */,
			);
			defaultConfigurationIsVisible = 0;
			defaultConfigurationName = Release;
		};
		803AF5EC2395B36400F1D773 /* Build configuration list for PBXNativeTarget "Introduction-to-Unit-Testing-LabTests" */ = {
			isa = XCConfigurationList;
			buildConfigurations = (
				803AF5ED2395B36400F1D773 /* Debug */,
				803AF5EE2395B36400F1D773 /* Release */,
			);
			defaultConfigurationIsVisible = 0;
			defaultConfigurationName = Release;
		};
/* End XCConfigurationList section */
	};
	rootObject = 803AF5C22395B36200F1D773 /* Project object */;
}
